
Microsoft Visual Studio Solution File, Format Version 12.00
# Visual Studio Version 17
VisualStudioVersion = 17.4.33213.308
MinimumVisualStudioVersion = 10.0.40219.1
Project("{FAE04EC0-301F-11D3-BF4B-00C04F79EFBC}") = "Laba1", "Laba1\Laba1.csproj", "{0E3610A5-4528-4E6A-A0AC-E335C0ED4DCA}"
EndProject
Global
	GlobalSection(SolutionConfigurationPlatforms) = preSolution
		Debug|Any CPU = Debug|Any CPU
		Release|Any CPU = Release|Any CPU
	EndGlobalSection
	GlobalSection(ProjectConfigurationPlatforms) = postSolution
		{0E3610A5-4528-4E6A-A0AC-E335C0ED4DCA}.Debug|Any CPU.ActiveCfg = Debug|Any CPU
		{0E3610A5-4528-4E6A-A0AC-E335C0ED4DCA}.Debug|Any CPU.Build.0 = Debug|Any CPU
		{0E3610A5-4528-4E6A-A0AC-E335C0ED4DCA}.Release|Any CPU.ActiveCfg = Release|Any CPU
		{0E3610A5-4528-4E6A-A0AC-E335C0ED4DCA}.Release|Any CPU.Build.0 = Release|Any CPU
	EndGlobalSection
	GlobalSection(SolutionProperties) = preSolution
		HideSolutionNode = FALSE
	EndGlobalSection
	GlobalSection(ExtensibilityGlobals) = postSolution
		SolutionGuid = {37063571-1ED9-49E2-894F-4490D67A5ADF}
	EndGlobalSection
EndGlobal
